
Microsoft Visual Studio Solution File, Format Version 12.00
# Visual Studio 14
VisualStudioVersion = 14.0.23107.0
MinimumVisualStudioVersion = 10.0.40219.1
Project("{FAE04EC0-301F-11D3-BF4B-00C04F79EFBC}") = "SOA_A1_UI", "SOA_A1_UI\SOA_A1_UI.csproj", "{32367100-C759-4258-B82A-26186EB71C76}"
EndProject
Project("{FAE04EC0-301F-11D3-BF4B-00C04F79EFBC}") = "Purchase-Totaller_BL", "Purchase-Totaller_BL\Purchase-Totaller_BL.csproj", "{AF8834B4-62A7-4732-BBED-B9173C1D2213}"
EndProject
Project("{FAE04EC0-301F-11D3-BF4B-00C04F79EFBC}") = "PurchaseTotallerServer", "PurchaseTotallerServer\PurchaseTotallerServer.csproj", "{2DC6BEE3-8EB3-425D-92E7-1B3895C41826}"
EndProject
Global
	GlobalSection(SolutionConfigurationPlatforms) = preSolution
		Debug|Any CPU = Debug|Any CPU
		Release|Any CPU = Release|Any CPU
	EndGlobalSection
	GlobalSection(ProjectConfigurationPlatforms) = postSolution
		{32367100-C759-4258-B82A-26186EB71C76}.Debug|Any CPU.ActiveCfg = Debug|Any CPU
		{32367100-C759-4258-B82A-26186EB71C76}.Debug|Any CPU.Build.0 = Debug|Any CPU
		{32367100-C759-4258-B82A-26186EB71C76}.Release|Any CPU.ActiveCfg = Release|Any CPU
		{32367100-C759-4258-B82A-26186EB71C76}.Release|Any CPU.Build.0 = Release|Any CPU
		{AF8834B4-62A7-4732-BBED-B9173C1D2213}.Debug|Any CPU.ActiveCfg = Debug|Any CPU
		{AF8834B4-62A7-4732-BBED-B9173C1D2213}.Debug|Any CPU.Build.0 = Debug|Any CPU
		{AF8834B4-62A7-4732-BBED-B9173C1D2213}.Release|Any CPU.ActiveCfg = Release|Any CPU
		{AF8834B4-62A7-4732-BBED-B9173C1D2213}.Release|Any CPU.Build.0 = Release|Any CPU
		{2DC6BEE3-8EB3-425D-92E7-1B3895C41826}.Debug|Any CPU.ActiveCfg = Debug|Any CPU
		{2DC6BEE3-8EB3-425D-92E7-1B3895C41826}.Debug|Any CPU.Build.0 = Debug|Any CPU
		{2DC6BEE3-8EB3-425D-92E7-1B3895C41826}.Release|Any CPU.ActiveCfg = Release|Any CPU
		{2DC6BEE3-8EB3-425D-92E7-1B3895C41826}.Release|Any CPU.Build.0 = Release|Any CPU
	EndGlobalSection
	GlobalSection(SolutionProperties) = preSolution
		HideSolutionNode = FALSE
	EndGlobalSection
EndGlobal
